# This file is generated by running "yarn install" inside your project.
# Manual changes might be lost - proceed with caution!

__metadata:
  version: 6
  cacheKey: 8

"@types/node@npm:^20.10.5":
  version: 20.10.5
  resolution: "@types/node@npm:20.10.5"
  dependencies:
    undici-types: "npm:~5.26.4"
  checksum: e216b679f545a8356960ce985a0e53c3a58fff0eacd855e180b9e223b8db2b5bd07b744a002b8c1f0c37f9194648ab4578533b5c12df2ec10cc02f61d20948d2
  languageName: node
  linkType: hard

"test-cli@npm:^0.1.0":
  version: 0.1.0
  resolution: "test-cli@npm:0.1.0"
  checksum: 03759820dbd1d20fb6d0c5c69e14928ba73b7cb042c1fcad95d1c61e4df94a06a39060a8d5c1947307a15b6fb53b1c806e695c0ced362ebf7d51dbd3edd60a61
  languageName: node
  linkType: hard

"typescript-cli-example@workspace:.":
  version: 0.0.0-use.local
  resolution: "typescript-cli-example@workspace:."
  dependencies:
    "@types/node": ^20.10.5
    test-cli: ^0.1.0
    typescript: ^5.3.3
  bin:
    test-cli: bin/test-cli
  languageName: unknown
  linkType: soft

"typescript@npm:^5.3.3":
  version: 5.3.3
  resolution: "typescript@npm:5.3.3"
  bin:
    tsc: bin/tsc
    tsserver: bin/tsserver
  checksum: 2007ccb6e51bbbf6fde0a78099efe04dc1c3dfbdff04ca3b6a8bc717991862b39fd6126c0c3ebf2d2d98ac5e960bcaa873826bb2bb241f14277034148f41f6a2
  languageName: node
  linkType: hard

"typescript@patch:typescript@^5.3.3#~builtin<compat/typescript>":
  version: 5.3.3
  resolution: "typescript@patch:typescript@npm%3A5.3.3#~builtin<compat/typescript>::version=5.3.3&hash=29ae49"
  bin:
    tsc: bin/tsc
    tsserver: bin/tsserver
  checksum: f61375590b3162599f0f0d5b8737877ac0a7bc52761dbb585d67e7b8753a3a4c42d9a554c4cc929f591ffcf3a2b0602f65ae3ce74714fd5652623a816862b610
  languageName: node
  linkType: hard

"undici-types@npm:~5.26.4":
  version: 5.26.5
  resolution: "undici-types@npm:5.26.5"
  checksum: 3192ef6f3fd5df652f2dc1cd782b49d6ff14dc98e5dced492aa8a8c65425227da5da6aafe22523c67f035a272c599bb89cfe803c1db6311e44bed3042fc25487
  languageName: node
  linkType: hard
